github.com/davecgh/go-spew v1.1.0 h1:ZDRjVQ15GmhC3fiQ8ni8+OwkZQO4DARzQgrnXU1Liz8=
github.com/davecgh/go-spew v1.1.0/go.mod h1:J7Y8YcW2NihsgmVo/mv3lAwl/skON4iLHjSsI+c5H38=
github.com/davecgh/go-spew v1.1.1 h1:vj9j/u1bqnvCEfJOwUhtlOARqs3+rkHYY13jYWTU97c=
github.com/davecgh/go-spew v1.1.1/go.mod h1:J7Y8YcW2NihsgmVo/mv3lAwl/skON4iLHjSsI+c5H38=
github.com/horgh/config v0.0.0-20180303191532-3d1f920eb228 h1:R302KZFIBabAYgFZ0hgqRTeCF43Lm5rir+UnJYW3idQ=
github.com/horgh/config v0.0.0-20180303191532-3d1f920eb228/go.mod h1:DSwQKBmwAzGuDhYajjeJshx5PCPCJfSZJXtbV+8/nck=
github.com/horgh/config v0.0.0-20190101202014-d9e8eabe6dbb h1:u6pj1d0h6XSjJ84iixIMvSZT1fbLC1g4qqkV54EMOfo=
github.com/horgh/config v0.0.0-20190101202014-d9e8eabe6dbb/go.mod h1:DSwQKBmwAzGuDhYajjeJshx5PCPCJfSZJXtbV+8/nck=
github.com/horgh/config v0.0.0-20190101204049-770bc48a3bdf h1:/jDikK0Oteboi7/Z6uzan5aQhiqwMwKTIA+5ZooDclk=
github.com/horgh/config v0.0.0-20190101204049-770bc48a3bdf/go.mod h1:DSwQKBmwAzGuDhYajjeJshx5PCPCJfSZJXtbV+8/nck=
github.com/horgh/irc v0.0.0-20180101050313-f421bdb90dcc h1:FXH8Jqdcz9BbR94qHrCVGA5FhbcWNC+HpIXYwVgOc2I=
github.com/horgh/irc v0.0.0-20180101050313-f421bdb90dcc/go.mod h1:UqEB9NVUSZzN4ESuQX3yEvi80Mgg2O4kttl8oU9+nds=
github.com/horgh/irc v0.0.0-20190101203129-f09ebee6408d h1:ANDjU4bIeLO80xssAxig8qftG6ohyg08IqsIPnKqafg=
github.com/horgh/irc v0.0.0-20190101203129-f09ebee6408d/go.mod h1:JLhFcwXOnpvhMer1MERfJuFIoJnADayDWe0VkMN3LP4=
github.com/horgh/irc v0.0.0-20190101204118-d089b0b5b5c5 h1:wndND79llNLTZZW/Xcg9oKMk/NuGMo+pAX+LKg1mZF8=
github.com/horgh/irc v0.0.0-20190101204118-d089b0b5b5c5/go.mod h1:JLhFcwXOnpvhMer1MERfJuFIoJnADayDWe0VkMN3LP4=
github.com/kr/pretty v0.1.0 h1:L/CwN0zerZDmRFUapSPitk6f+Q3+0za1rQkzVuMiMFI=
github.com/kr/pretty v0.1.0/go.mod h1:dAy3ld7l9f0ibDNOQOHHMYYIIbhfbHSm3C4ZsoJORNo=
github.com/kr/pty v1.1.1/go.mod h1:pFQYn66WHrOpPYNljwOMqo10TkYh1fy3cYio2l3bCsQ=
github.com/kr/text v0.1.0 h1:45sCR5RtlFHMR4UwH9sdQ5TC8v0qDQCHnXt+kaKSTVE=
github.com/kr/text v0.1.0/go.mod h1:4Jbv+DJW3UT/LiOwJeYQe1efqtUx/iVham/4vfdArNI=
github.com/pkg/errors v0.8.0 h1:WdK/asTD0HN+q6hsWO3/vpuAkAr+tw6aNJNDFFf0+qw=
github.com/pkg/errors v0.8.0/go.mod h1:bwawxfHBFNV+L2hUp1rHADufV3IMtnDRdf1r5NINEl0=
github.com/pkg/errors v0.8.1 h1:iURUrRGxPUNPdy5/HRSm+Yj6okJ6UtLINN0Q9M4+h3I=
github.com/pkg/errors v0.8.1/go.mod h1:bwawxfHBFNV+L2hUp1rHADufV3IMtnDRdf1r5NINEl0=
github.com/pmezard/go-difflib v1.0.0 h1:4DBwDE0NGyQoBHbLQYPwSUPoCMWR5BEzIk/f1lZbAQM=
github.com/pmezard/go-difflib v1.0.0/go.mod h1:iKH77koFhYxTK1pcRnkKkqfTogsbg7gZNVY4sRDYZ/4=
github.com/stretchr/objx v0.1.0/go.mod h1:HFkY916IF+rwdDfMAkV7OtwuqBVzrE8GR6GFx+wExME=
github.com/stretchr/objx v0.2.0/go.mod h1:qt09Ya8vawLte6SNmTgCsAVtYtaKzEcn8ATUoHMkEqE=
github.com/stretchr/testify v1.3.0 h1:TivCn/peBQ7UY8ooIcPgZFpTNSz0Q2U6UrFlUfqbe0Q=
github.com/stretchr/testify v1.3.0/go.mod h1:M5WIy9Dh21IEIfnGCwXGc5bZfKNJtfHm1UVUgZn+9EI=
github.com/stretchr/testify v1.4.0 h1:2E4SXV/wtOkTonXsotYi4li6zVWxYlZuYNCXe9XRJyk=
github.com/stretchr/testify v1.4.0/go.mod h1:j7eGeouHqKxXV5pUuKE4zz7dFj8WfuZ+81PSLYec5m4=
gopkg.in/check.v1 v0.0.0-20161208181325-20d25e280405/go.mod h1:Co6ibVJAznAaIkqp8huTwlJQCZ016jof/cbN4VW5Yz0=
gopkg.in/check.v1 v1.0.0-20180628173108-788fd7840127 h1:qIbj1fsPNlZgppZ+VLlY7N33q108Sa+fhmuc+sWQYwY=
gopkg.in/check.v1 v1.0.0-20180628173108-788fd7840127/go.mod h1:Co6ibVJAznAaIkqp8huTwlJQCZ016jof/cbN4VW5Yz0=
gopkg.in/check.v1 v1.0.0-20190902080502-41f04d3bba15 h1:YR8cESwS4TdDjEe65xsg0ogRM/Nc3DYOhEAlW+xobZo=
gopkg.in/check.v1 v1.0.0-20190902080502-41f04d3bba15/go.mod h1:Co6ibVJAznAaIkqp8huTwlJQCZ016jof/cbN4VW5Yz0=
gopkg.in/yaml.v2 v2.2.2 h1:ZCJp+EgiOT7lHqUV2J862kp8Qj64Jo6az82+3Td9dZw=
gopkg.in/yaml.v2 v2.2.2/go.mod h1:hI93XBmqTisBFMUTm0b8Fm+jr3Dg1NNxqwp+5A1VGuI=
gopkg.in/yaml.v2 v2.2.4 h1:/eiJrUcujPVeJ3xlSWaiNi3uSVmDGBK1pDHUHAnao1I=
gopkg.in/yaml.v2 v2.2.4/go.mod h1:hI93XBmqTisBFMUTm0b8Fm+jr3Dg1NNxqwp+5A1VGuI=
