# This file is autogenerated, do not edit; changes may be undone by the next 'dep ensure'.


[[projects]]
  branch = "master"
  name = "github.com/horgh/config"
  packages = ["."]
  revision = "3d1f920eb22899d8e6a832e84930da989065a23e"

[[projects]]
  branch = "master"
  name = "github.com/horgh/irc"
  packages = ["."]
  revision = "f421bdb90dcc93b6e3724a50b1f2b360a6d72a44"

[solve-meta]
  analyzer-name = "dep"
  analyzer-version = 1
  inputs-digest = "3bb124c1ad76d31bb309c200a3eea258673d458d10d51667a1dbd61e915e624c"
  solver-name = "gps-cdcl"
  solver-version = 1
