# This file is autogenerated, do not edit; changes may be undone by the next 'dep ensure'.


[[projects]]
  branch = "master"
  name = "github.com/horgh/config"
  packages = ["."]
  revision = "d0d61de824f5ef6b621219307ade81053aa8e81a"

[[projects]]
  branch = "master"
  name = "github.com/horgh/irc"
  packages = ["."]
  revision = "6b83b645958d6ae7b604e47a1c0593a3d8eba6ff"

[solve-meta]
  analyzer-name = "dep"
  analyzer-version = 1
  inputs-digest = "3bb124c1ad76d31bb309c200a3eea258673d458d10d51667a1dbd61e915e624c"
  solver-name = "gps-cdcl"
  solver-version = 1
